{
  "name": "obelisco-demo",
  "version": "1.0.0",
  "lockfileVersion": 1,
  "requires": true,
  "dependencies": {
    "@gcba/obelisco": {
      "version": "1.36.0",
      "resolved": "https://registry.npmjs.org/@gcba/obelisco/-/obelisco-1.36.0.tgz",
      "integrity": "sha512-37LoaFKfyCsmP29477LgzyVic4q3+9HtyCCbJMQGs0RTkJTI5va37URNe5PIespXfsq46z7/pvd+TYQSq1FGdA==",
      "requires": {
        "@gcba/obelisco": "^1.13.0"
      }
    }
  }
}
